<?xml version="1.0" encoding="utf-8"?>
<Project ToolsVersion="4.0" xmlns="http://schemas.microsoft.com/developer/msbuild/2003">
  <ItemGroup>
    <ClCompile Include="DXUT\Core\DXUT.cpp" />
    <ClCompile Include="DXUT\Core\DXUTenum.cpp" />
    <ClCompile Include="DXUT\Core\DXUTmisc.cpp" />
    <ClCompile Include="DXUT\Optional\DXUTgui.cpp" />
    <ClCompile Include="DXUT\Optional\DXUTres.cpp" />
    <ClCompile Include="DXUT\Optional\DXUTsettingsdlg.cpp" />
    <ClCompile Include="DXUT\Optional\SDKmisc.cpp" />
    <ClCompile Include="Fluid.cpp" />
    <ClCompile Include="main.cpp" />
    <ClCompile Include="Rendering.cpp" />
    <ClCompile Include="ImGui\imgui.cpp" />
    <ClCompile Include="ImGui\imgui_demo.cpp" />
    <ClCompile Include="ImGui\imgui_draw.cpp" />
    <ClCompile Include="ImGui\imgui_tables.cpp" />
    <ClCompile Include="ImGui\imgui_widgets.cpp" />
    <ClCompile Include="ImGui\imgui_impl_dx9.cpp" />
    <ClCompile Include="ImGui\imgui_impl_win32.cpp" />
    <ClCompile Include="Record.cpp" />
    <ClCompile Include="ImGui\implot.cpp" />
    <ClCompile Include="ImGui\implot_demo.cpp" />
    <ClCompile Include="ImGui\implot_items.cpp" />
    <ClCompile Include="ImGuiProfilerRenderer.cpp" />
  </ItemGroup>
  <ItemGroup>
    <ClInclude Include="DXUT\Core\DXUT.h" />
    <ClInclude Include="DXUT\Core\DXUTenum.h" />
    <ClInclude Include="DXUT\Core\DXUTmisc.h" />
    <ClInclude Include="DXUT\Optional\DXUTgui.h" />
    <ClInclude Include="DXUT\Optional\DXUTres.h" />
    <ClInclude Include="DXUT\Optional\DXUTsettingsdlg.h" />
    <ClInclude Include="DXUT\Optional\SDKmisc.h" />
    <ClInclude Include="Fluid.h" />
    <ClInclude Include="ImGui\imconfig.h" />
    <ClInclude Include="ImGui\imgui.h" />
    <ClInclude Include="ImGui\imgui_internal.h" />
    <ClInclude Include="ImGui\imstb_rectpack.h" />
    <ClInclude Include="ImGui\imstb_textedit.h" />
    <ClInclude Include="ImGui\imstb_truetype.h" />
    <ClInclude Include="ImGuiProfilerRenderer.h" />
    <ClInclude Include="ProfilerTask.h" />
    <ClInclude Include="ImGui\imgui_impl_dx9.h" />
    <ClInclude Include="ImGui\imgui_impl_win32.h" />
    <ClInclude Include="Record.h" />
    <ClInclude Include="ImGui\implot.h" />
    <ClInclude Include="ImGui\implot_internal.h" />
  </ItemGroup>
</Project>